
Microsoft Visual Studio Solution File, Format Version 12.00
# Visual Studio Version 17
VisualStudioVersion = 17.9.34728.123
MinimumVisualStudioVersion = 10.0.40219.1
Project("{9A19103F-16F7-4668-BE54-9A1E7A4F7556}") = "Sistema.Entidades", "Sistema.Entidades\Sistema.Entidades.csproj", "{2E331860-3812-4249-8F94-AB44DFCB3540}"
EndProject
Project("{9A19103F-16F7-4668-BE54-9A1E7A4F7556}") = "Sistema.Web", "Sistema.Web\Sistema.Web.csproj", "{A4813EC4-FB74-4AAE-A164-1EA333AD147C}"
EndProject
Global
	GlobalSection(SolutionConfigurationPlatforms) = preSolution
		Debug|Any CPU = Debug|Any CPU
		Debug|x64 = Debug|x64
		Release|Any CPU = Release|Any CPU
		Release|x64 = Release|x64
	EndGlobalSection
	GlobalSection(ProjectConfigurationPlatforms) = postSolution
		{2E331860-3812-4249-8F94-AB44DFCB3540}.Debug|Any CPU.ActiveCfg = Debug|Any CPU
		{2E331860-3812-4249-8F94-AB44DFCB3540}.Debug|Any CPU.Build.0 = Debug|Any CPU
		{2E331860-3812-4249-8F94-AB44DFCB3540}.Debug|x64.ActiveCfg = Debug|Any CPU
		{2E331860-3812-4249-8F94-AB44DFCB3540}.Debug|x64.Build.0 = Debug|Any CPU
		{2E331860-3812-4249-8F94-AB44DFCB3540}.Release|Any CPU.ActiveCfg = Debug|Any CPU
		{2E331860-3812-4249-8F94-AB44DFCB3540}.Release|Any CPU.Build.0 = Debug|Any CPU
		{2E331860-3812-4249-8F94-AB44DFCB3540}.Release|x64.ActiveCfg = Release|Any CPU
		{2E331860-3812-4249-8F94-AB44DFCB3540}.Release|x64.Build.0 = Release|Any CPU
		{A4813EC4-FB74-4AAE-A164-1EA333AD147C}.Debug|Any CPU.ActiveCfg = Debug|Any CPU
		{A4813EC4-FB74-4AAE-A164-1EA333AD147C}.Debug|Any CPU.Build.0 = Debug|Any CPU
		{A4813EC4-FB74-4AAE-A164-1EA333AD147C}.Debug|x64.ActiveCfg = Debug|x64
		{A4813EC4-FB74-4AAE-A164-1EA333AD147C}.Debug|x64.Build.0 = Debug|x64
		{A4813EC4-FB74-4AAE-A164-1EA333AD147C}.Release|Any CPU.ActiveCfg = Debug|Any CPU
		{A4813EC4-FB74-4AAE-A164-1EA333AD147C}.Release|Any CPU.Build.0 = Debug|Any CPU
		{A4813EC4-FB74-4AAE-A164-1EA333AD147C}.Release|x64.ActiveCfg = Release|Any CPU
		{A4813EC4-FB74-4AAE-A164-1EA333AD147C}.Release|x64.Build.0 = Release|Any CPU
	EndGlobalSection
	GlobalSection(SolutionProperties) = preSolution
		HideSolutionNode = FALSE
	EndGlobalSection
	GlobalSection(ExtensibilityGlobals) = postSolution
		SolutionGuid = {659D4774-F6D3-444E-A0F2-97465309BD9A}
	EndGlobalSection
EndGlobal
